
Microsoft Visual Studio Solution File, Format Version 12.00
# Visual Studio 15
VisualStudioVersion = 15.0.27703.2047
MinimumVisualStudioVersion = 10.0.40219.1
Project("{FAE04EC0-301F-11D3-BF4B-00C04F79EFBC}") = "MyWebApi", "MyWebApi\MyWebApi.csproj", "{942E2D77-FFD5-4166-A0B7-3BB3B7350BDA}"
EndProject
Project("{FAE04EC0-301F-11D3-BF4B-00C04F79EFBC}") = "ClassLibrary", "ClassLibrary\ClassLibrary.csproj", "{5B71469B-7527-46A0-99AB-1DE9745E4B43}"
EndProject
Global
	GlobalSection(SolutionConfigurationPlatforms) = preSolution
		Debug|Any CPU = Debug|Any CPU
		Release|Any CPU = Release|Any CPU
	EndGlobalSection
	GlobalSection(ProjectConfigurationPlatforms) = postSolution
		{942E2D77-FFD5-4166-A0B7-3BB3B7350BDA}.Debug|Any CPU.ActiveCfg = Debug|Any CPU
		{942E2D77-FFD5-4166-A0B7-3BB3B7350BDA}.Debug|Any CPU.Build.0 = Debug|Any CPU
		{942E2D77-FFD5-4166-A0B7-3BB3B7350BDA}.Release|Any CPU.ActiveCfg = Release|Any CPU
		{942E2D77-FFD5-4166-A0B7-3BB3B7350BDA}.Release|Any CPU.Build.0 = Release|Any CPU
		{5B71469B-7527-46A0-99AB-1DE9745E4B43}.Debug|Any CPU.ActiveCfg = Debug|Any CPU
		{5B71469B-7527-46A0-99AB-1DE9745E4B43}.Debug|Any CPU.Build.0 = Debug|Any CPU
		{5B71469B-7527-46A0-99AB-1DE9745E4B43}.Release|Any CPU.ActiveCfg = Release|Any CPU
		{5B71469B-7527-46A0-99AB-1DE9745E4B43}.Release|Any CPU.Build.0 = Release|Any CPU
	EndGlobalSection
	GlobalSection(SolutionProperties) = preSolution
		HideSolutionNode = FALSE
	EndGlobalSection
	GlobalSection(ExtensibilityGlobals) = postSolution
		SolutionGuid = {85E94F30-CE07-479D-9F7F-0677727A84F1}
	EndGlobalSection
EndGlobal
