Microsoft Visual Studio Solution File, Format Version 12.00
# Visual Studio Version 16
VisualStudioVersion = 16.0.29403.142
MinimumVisualStudioVersion = 10.0.40219.1
Project("{9A19103F-16F7-4668-BE54-9A1E7A4F7556}") = "shuiyintong.DBUtils", "shuiyintong.dbutils\shuiyintong.DBUtils.csproj", "{B37D315A-12FB-446D-BF4C-B51A50202C1A}"
EndProject
Project("{9A19103F-16F7-4668-BE54-9A1E7A4F7556}") = "shuiyintong.Common", "shuiyintong.Common\shuiyintong.Common.csproj", "{62285A9E-B60F-48EC-B1D1-BF5AEBC14114}"
EndProject
Project("{9A19103F-16F7-4668-BE54-9A1E7A4F7556}") = "shuiyintong.SPDB", "shuiyintong.SPDB\shuiyintong.SPDB.csproj", "{2CA5AE33-B076-418D-A24D-9115A2EB42B2}"
EndProject
Project("{9A19103F-16F7-4668-BE54-9A1E7A4F7556}") = "ConsoleApp", "ConsoleApp\ConsoleApp.csproj", "{EE3D1FBF-4DCE-4B4F-840F-F0CCF6A07F5A}"
EndProject
Project("{9A19103F-16F7-4668-BE54-9A1E7A4F7556}") = "shuiyintong.Entity", "shuiyintong.Entity\shuiyintong.Entity.csproj", "{F3705C10-F6BB-450D-8C05-9E38007BE449}"
EndProject
Project("{9A19103F-16F7-4668-BE54-9A1E7A4F7556}") = "shuiyintong.Api", "shuiyintong.Api\shuiyintong.Api.csproj", "{F5583025-8F5E-481C-BEDF-126BA1DFA96F}"
EndProject
Global
	GlobalSection(SolutionConfigurationPlatforms) = preSolution
		Debug|Any CPU = Debug|Any CPU
		Release|Any CPU = Release|Any CPU
	EndGlobalSection
	GlobalSection(ProjectConfigurationPlatforms) = postSolution
		{B37D315A-12FB-446D-BF4C-B51A50202C1A}.Debug|Any CPU.ActiveCfg = Debug|Any CPU
		{B37D315A-12FB-446D-BF4C-B51A50202C1A}.Debug|Any CPU.Build.0 = Debug|Any CPU
		{B37D315A-12FB-446D-BF4C-B51A50202C1A}.Release|Any CPU.ActiveCfg = Release|Any CPU
		{B37D315A-12FB-446D-BF4C-B51A50202C1A}.Release|Any CPU.Build.0 = Release|Any CPU
		{62285A9E-B60F-48EC-B1D1-BF5AEBC14114}.Debug|Any CPU.ActiveCfg = Debug|Any CPU
		{62285A9E-B60F-48EC-B1D1-BF5AEBC14114}.Debug|Any CPU.Build.0 = Debug|Any CPU
		{62285A9E-B60F-48EC-B1D1-BF5AEBC14114}.Release|Any CPU.ActiveCfg = Release|Any CPU
		{62285A9E-B60F-48EC-B1D1-BF5AEBC14114}.Release|Any CPU.Build.0 = Release|Any CPU
		{2CA5AE33-B076-418D-A24D-9115A2EB42B2}.Debug|Any CPU.ActiveCfg = Debug|Any CPU
		{2CA5AE33-B076-418D-A24D-9115A2EB42B2}.Debug|Any CPU.Build.0 = Debug|Any CPU
		{2CA5AE33-B076-418D-A24D-9115A2EB42B2}.Release|Any CPU.ActiveCfg = Release|Any CPU
		{2CA5AE33-B076-418D-A24D-9115A2EB42B2}.Release|Any CPU.Build.0 = Release|Any CPU
		{EE3D1FBF-4DCE-4B4F-840F-F0CCF6A07F5A}.Debug|Any CPU.ActiveCfg = Debug|Any CPU
		{EE3D1FBF-4DCE-4B4F-840F-F0CCF6A07F5A}.Debug|Any CPU.Build.0 = Debug|Any CPU
		{EE3D1FBF-4DCE-4B4F-840F-F0CCF6A07F5A}.Release|Any CPU.ActiveCfg = Release|Any CPU
		{EE3D1FBF-4DCE-4B4F-840F-F0CCF6A07F5A}.Release|Any CPU.Build.0 = Release|Any CPU
		{F3705C10-F6BB-450D-8C05-9E38007BE449}.Debug|Any CPU.ActiveCfg = Debug|Any CPU
		{F3705C10-F6BB-450D-8C05-9E38007BE449}.Debug|Any CPU.Build.0 = Debug|Any CPU
		{F3705C10-F6BB-450D-8C05-9E38007BE449}.Release|Any CPU.ActiveCfg = Release|Any CPU
		{F3705C10-F6BB-450D-8C05-9E38007BE449}.Release|Any CPU.Build.0 = Release|Any CPU
		{F5583025-8F5E-481C-BEDF-126BA1DFA96F}.Debug|Any CPU.ActiveCfg = Debug|Any CPU
		{F5583025-8F5E-481C-BEDF-126BA1DFA96F}.Debug|Any CPU.Build.0 = Debug|Any CPU
		{F5583025-8F5E-481C-BEDF-126BA1DFA96F}.Release|Any CPU.ActiveCfg = Release|Any CPU
		{F5583025-8F5E-481C-BEDF-126BA1DFA96F}.Release|Any CPU.Build.0 = Release|Any CPU
	EndGlobalSection
	GlobalSection(SolutionProperties) = preSolution
		HideSolutionNode = FALSE
	EndGlobalSection
	GlobalSection(ExtensibilityGlobals) = postSolution
		SolutionGuid = {FC053191-9123-4FDA-AF61-4E7EC8F1721F}
	EndGlobalSection
EndGlobal
